// !$*UTF8*$!
{
	archiveVersion = 1;
	classes = {
	};
	objectVersion = 46;
	objects = {

/* Begin PBXBuildFile section */
		614577461BB4D6C500B0A8BA /* AppDelegate.swift in Sources */ = {isa = PBXBuildFile; fileRef = 614577451BB4D6C500B0A8BA /* AppDelegate.swift */; };
		614577481BB4D6C500B0A8BA /* ViewController.swift in Sources */ = {isa = PBXBuildFile; fileRef = 614577471BB4D6C500B0A8BA /* ViewController.swift */; };
		6145774B1BB4D6C500B0A8BA /* Main.storyboard in Resources */ = {isa = PBXBuildFile; fileRef = 614577491BB4D6C500B0A8BA /* Main.storyboard */; };
		6145774D1BB4D6C500B0A8BA /* Assets.xcassets in Resources */ = {isa = PBXBuildFile; fileRef = 6145774C1BB4D6C500B0A8BA /* Assets.xcassets */; };
		614577501BB4D6C500B0A8BA /* LaunchScreen.storyboard in Resources */ = {isa = PBXBuildFile; fileRef = 6145774E1BB4D6C500B0A8BA /* LaunchScreen.storyboard */; };
		6145775B1BB4D6C500B0A8BA /* DraggableTestTests.swift in Sources */ = {isa = PBXBuildFile; fileRef = 6145775A1BB4D6C500B0A8BA /* DraggableTestTests.swift */; };
		614577661BB4D6C500B0A8BA /* DraggableTestUITests.swift in Sources */ = {isa = PBXBuildFile; fileRef = 614577651BB4D6C500B0A8BA /* DraggableTestUITests.swift */; };
/* End PBXBuildFile section */

/* Begin PBXContainerItemProxy section */
		614577571BB4D6C500B0A8BA /* PBXContainerItemProxy */ = {
			isa = PBXContainerItemProxy;
			containerPortal = 6145773A1BB4D6C500B0A8BA /* Project object */;
			proxyType = 1;
			remoteGlobalIDString = 614577411BB4D6C500B0A8BA;
			remoteInfo = DraggableTest;
		};
		614577621BB4D6C500B0A8BA /* PBXContainerItemProxy */ = {
			isa = PBXContainerItemProxy;
			containerPortal = 6145773A1BB4D6C500B0A8BA /* Project object */;
			proxyType = 1;
			remoteGlobalIDString = 614577411BB4D6C500B0A8BA;
			remoteInfo = DraggableTest;
		};
/* End PBXContainerItemProxy section */

/* Begin PBXFileReference section */
		614577421BB4D6C500B0A8BA /* DraggableTest.app */ = {isa = PBXFileReference; explicitFileType = wrapper.application; includeInIndex = 0; path = DraggableTest.app; sourceTree = BUILT_PRODUCTS_DIR; };
		614577451BB4D6C500B0A8BA /* AppDelegate.swift */ = {isa = PBXFileReference; lastKnownFileType = sourcecode.swift; path = AppDelegate.swift; sourceTree = "<group>"; };
		614577471BB4D6C500B0A8BA /* ViewController.swift */ = {isa = PBXFileReference; lastKnownFileType = sourcecode.swift; path = ViewController.swift; sourceTree = "<group>"; };
		6145774A1BB4D6C500B0A8BA /* Base */ = {isa = PBXFileReference; lastKnownFileType = file.storyboard; name = Base; path = Base.lproj/Main.storyboard; sourceTree = "<group>"; };
		6145774C1BB4D6C500B0A8BA /* Assets.xcassets */ = {isa = PBXFileReference; lastKnownFileType = folder.assetcatalog; path = Assets.xcassets; sourceTree = "<group>"; };
		6145774F1BB4D6C500B0A8BA /* Base */ = {isa = PBXFileReference; lastKnownFileType = file.storyboard; name = Base; path = Base.lproj/LaunchScreen.storyboard; sourceTree = "<group>"; };
		614577511BB4D6C500B0A8BA /* Info.plist */ = {isa = PBXFileReference; lastKnownFileType = text.plist.xml; path = Info.plist; sourceTree = "<group>"; };
		614577561BB4D6C500B0A8BA /* DraggableTestTests.xctest */ = {isa = PBXFileReference; explicitFileType = wrapper.cfbundle; includeInIndex = 0; path = DraggableTestTests.xctest; sourceTree = BUILT_PRODUCTS_DIR; };
		6145775A1BB4D6C500B0A8BA /* DraggableTestTests.swift */ = {isa = PBXFileReference; lastKnownFileType = sourcecode.swift; path = DraggableTestTests.swift; sourceTree = "<group>"; };
		6145775C1BB4D6C500B0A8BA /* Info.plist */ = {isa = PBXFileReference; lastKnownFileType = text.plist.xml; path = Info.plist; sourceTree = "<group>"; };
		614577611BB4D6C500B0A8BA /* DraggableTestUITests.xctest */ = {isa = PBXFileReference; explicitFileType = wrapper.cfbundle; includeInIndex = 0; path = DraggableTestUITests.xctest; sourceTree = BUILT_PRODUCTS_DIR; };
		614577651BB4D6C500B0A8BA /* DraggableTestUITests.swift */ = {isa = PBXFileReference; lastKnownFileType = sourcecode.swift; path = DraggableTestUITests.swift; sourceTree = "<group>"; };
		614577671BB4D6C500B0A8BA /* Info.plist */ = {isa = PBXFileReference; lastKnownFileType = text.plist.xml; path = Info.plist; sourceTree = "<group>"; };
/* End PBXFileReference section */

/* Begin PBXFrameworksBuildPhase section */
		6145773F1BB4D6C500B0A8BA /* Frameworks */ = {
			isa = PBXFrameworksBuildPhase;
			buildActionMask = 2147483647;
			files = (
			);
			runOnlyForDeploymentPostprocessing = 0;
		};
		614577531BB4D6C500B0A8BA /* Frameworks */ = {
			isa = PBXFrameworksBuildPhase;
			buildActionMask = 2147483647;
			files = (
			);
			runOnlyForDeploymentPostprocessing = 0;
		};
		6145775E1BB4D6C500B0A8BA /* Frameworks */ = {
			isa = PBXFrameworksBuildPhase;
			buildActionMask = 2147483647;
			files = (
			);
			runOnlyForDeploymentPostprocessing = 0;
		};
/* End PBXFrameworksBuildPhase section */

/* Begin PBXGroup section */
		614577391BB4D6C500B0A8BA = {
			isa = PBXGroup;
			children = (
				614577441BB4D6C500B0A8BA /* DraggableTest */,
				614577591BB4D6C500B0A8BA /* DraggableTestTests */,
				614577641BB4D6C500B0A8BA /* DraggableTestUITests */,
				614577431BB4D6C500B0A8BA /* Products */,
			);
			sourceTree = "<group>";
		};
		614577431BB4D6C500B0A8BA /* Products */ = {
			isa = PBXGroup;
			children = (
				614577421BB4D6C500B0A8BA /* DraggableTest.app */,
				614577561BB4D6C500B0A8BA /* DraggableTestTests.xctest */,
				614577611BB4D6C500B0A8BA /* DraggableTestUITests.xctest */,
			);
			name = Products;
			sourceTree = "<group>";
		};
		614577441BB4D6C500B0A8BA /* DraggableTest */ = {
			isa = PBXGroup;
			children = (
				614577451BB4D6C500B0A8BA /* AppDelegate.swift */,
				614577471BB4D6C500B0A8BA /* ViewController.swift */,
				614577491BB4D6C500B0A8BA /* Main.storyboard */,
				6145774C1BB4D6C500B0A8BA /* Assets.xcassets */,
				6145774E1BB4D6C500B0A8BA /* LaunchScreen.storyboard */,
				614577511BB4D6C500B0A8BA /* Info.plist */,
			);
			path = DraggableTest;
			sourceTree = "<group>";
		};
		614577591BB4D6C500B0A8BA /* DraggableTestTests */ = {
			isa = PBXGroup;
			children = (
				6145775A1BB4D6C500B0A8BA /* DraggableTestTests.swift */,
				6145775C1BB4D6C500B0A8BA /* Info.plist */,
			);
			path = DraggableTestTests;
			sourceTree = "<group>";
		};
		614577641BB4D6C500B0A8BA /* DraggableTestUITests */ = {
			isa = PBXGroup;
			children = (
				614577651BB4D6C500B0A8BA /* DraggableTestUITests.swift */,
				614577671BB4D6C500B0A8BA /* Info.plist */,
			);
			path = DraggableTestUITests;
			sourceTree = "<group>";
		};
/* End PBXGroup section */

/* Begin PBXNativeTarget section */
		614577411BB4D6C500B0A8BA /* DraggableTest */ = {
			isa = PBXNativeTarget;
			buildConfigurationList = 6145776A1BB4D6C500B0A8BA /* Build configuration list for PBXNativeTarget "DraggableTest" */;
			buildPhases = (
				6145773E1BB4D6C500B0A8BA /* Sources */,
				6145773F1BB4D6C500B0A8BA /* Frameworks */,
				614577401BB4D6C500B0A8BA /* Resources */,
			);
			buildRules = (
			);
			dependencies = (
			);
			name = DraggableTest;
			productName = DraggableTest;
			productReference = 614577421BB4D6C500B0A8BA /* DraggableTest.app */;
			productType = "com.apple.product-type.application";
		};
		614577551BB4D6C500B0A8BA /* DraggableTestTests */ = {
			isa = PBXNativeTarget;
			buildConfigurationList = 6145776D1BB4D6C500B0A8BA /* Build configuration list for PBXNativeTarget "DraggableTestTests" */;
			buildPhases = (
				614577521BB4D6C500B0A8BA /* Sources */,
				614577531BB4D6C500B0A8BA /* Frameworks */,
				614577541BB4D6C500B0A8BA /* Resources */,
			);
			buildRules = (
			);
			dependencies = (
				614577581BB4D6C500B0A8BA /* PBXTargetDependency */,
			);
			name = DraggableTestTests;
			productName = DraggableTestTests;
			productReference = 614577561BB4D6C500B0A8BA /* DraggableTestTests.xctest */;
			productType = "com.apple.product-type.bundle.unit-test";
		};
		614577601BB4D6C500B0A8BA /* DraggableTestUITests */ = {
			isa = PBXNativeTarget;
			buildConfigurationList = 614577701BB4D6C500B0A8BA /* Build configuration list for PBXNativeTarget "DraggableTestUITests" */;
			buildPhases = (
				6145775D1BB4D6C500B0A8BA /* Sources */,
				6145775E1BB4D6C500B0A8BA /* Frameworks */,
				6145775F1BB4D6C500B0A8BA /* Resources */,
			);
			buildRules = (
			);
			dependencies = (
				614577631BB4D6C500B0A8BA /* PBXTargetDependency */,
			);
			name = DraggableTestUITests;
			productName = DraggableTestUITests;
			productReference = 614577611BB4D6C500B0A8BA /* DraggableTestUITests.xctest */;
			productType = "com.apple.product-type.bundle.ui-testing";
		};
/* End PBXNativeTarget section */

/* Begin PBXProject section */
		6145773A1BB4D6C500B0A8BA /* Project object */ = {
			isa = PBXProject;
			attributes = {
				LastUpgradeCheck = 0700;
				ORGANIZATIONNAME = "Bay Phillips";
				TargetAttributes = {
					614577411BB4D6C500B0A8BA = {
						CreatedOnToolsVersion = 7.0;
					};
					614577551BB4D6C500B0A8BA = {
						CreatedOnToolsVersion = 7.0;
						TestTargetID = 614577411BB4D6C500B0A8BA;
					};
					614577601BB4D6C500B0A8BA = {
						CreatedOnToolsVersion = 7.0;
						TestTargetID = 614577411BB4D6C500B0A8BA;
					};
				};
			};
			buildConfigurationList = 6145773D1BB4D6C500B0A8BA /* Build configuration list for PBXProject "DraggableTest" */;
			compatibilityVersion = "Xcode 3.2";
			developmentRegion = English;
			hasScannedForEncodings = 0;
			knownRegions = (
				en,
				Base,
			);
			mainGroup = 614577391BB4D6C500B0A8BA;
			productRefGroup = 614577431BB4D6C500B0A8BA /* Products */;
			projectDirPath = "";
			projectRoot = "";
			targets = (
				614577411BB4D6C500B0A8BA /* DraggableTest */,
				614577551BB4D6C500B0A8BA /* DraggableTestTests */,
				614577601BB4D6C500B0A8BA /* DraggableTestUITests */,
			);
		};
/* End PBXProject section */

/* Begin PBXResourcesBuildPhase section */
		614577401BB4D6C500B0A8BA /* Resources */ = {
			isa = PBXResourcesBuildPhase;
			buildActionMask = 2147483647;
			files = (
				614577501BB4D6C500B0A8BA /* LaunchScreen.storyboard in Resources */,
				6145774D1BB4D6C500B0A8BA /* Assets.xcassets in Resources */,
				6145774B1BB4D6C500B0A8BA /* Main.storyboard in Resources */,
			);
			runOnlyForDeploymentPostprocessing = 0;
		};
		614577541BB4D6C500B0A8BA /* Resources */ = {
			isa = PBXResourcesBuildPhase;
			buildActionMask = 2147483647;
			files = (
			);
			runOnlyForDeploymentPostprocessing = 0;
		};
		6145775F1BB4D6C500B0A8BA /* Resources */ = {
			isa = PBXResourcesBuildPhase;
			buildActionMask = 2147483647;
			files = (
			);
			runOnlyForDeploymentPostprocessing = 0;
		};
/* End PBXResourcesBuildPhase section */

/* Begin PBXSourcesBuildPhase section */
		6145773E1BB4D6C500B0A8BA /* Sources */ = {
			isa = PBXSourcesBuildPhase;
			buildActionMask = 2147483647;
			files = (
				614577481BB4D6C500B0A8BA /* ViewController.swift in Sources */,
				614577461BB4D6C500B0A8BA /* AppDelegate.swift in Sources */,
			);
			runOnlyForDeploymentPostprocessing = 0;
		};
		614577521BB4D6C500B0A8BA /* Sources */ = {
			isa = PBXSourcesBuildPhase;
			buildActionMask = 2147483647;
			files = (
				6145775B1BB4D6C500B0A8BA /* DraggableTestTests.swift in Sources */,
			);
			runOnlyForDeploymentPostprocessing = 0;
		};
		6145775D1BB4D6C500B0A8BA /* Sources */ = {
			isa = PBXSourcesBuildPhase;
			buildActionMask = 2147483647;
			files = (
				614577661BB4D6C500B0A8BA /* DraggableTestUITests.swift in Sources */,
			);
			runOnlyForDeploymentPostprocessing = 0;
		};
/* End PBXSourcesBuildPhase section */

/* Begin PBXTargetDependency section */
		614577581BB4D6C500B0A8BA /* PBXTargetDependency */ = {
			isa = PBXTargetDependency;
			target = 614577411BB4D6C500B0A8BA /* DraggableTest */;
			targetProxy = 614577571BB4D6C500B0A8BA /* PBXContainerItemProxy */;
		};
		614577631BB4D6C500B0A8BA /* PBXTargetDependency */ = {
			isa = PBXTargetDependency;
			target = 614577411BB4D6C500B0A8BA /* DraggableTest */;
			targetProxy = 614577621BB4D6C500B0A8BA /* PBXContainerItemProxy */;
		};
/* End PBXTargetDependency section */

/* Begin PBXVariantGroup section */
		614577491BB4D6C500B0A8BA /* Main.storyboard */ = {
			isa = PBXVariantGroup;
			children = (
				6145774A1BB4D6C500B0A8BA /* Base */,
			);
			name = Main.storyboard;
			sourceTree = "<group>";
		};
		6145774E1BB4D6C500B0A8BA /* LaunchScreen.storyboard */ = {
			isa = PBXVariantGroup;
			children = (
				6145774F1BB4D6C500B0A8BA /* Base */,
			);
			name = LaunchScreen.storyboard;
			sourceTree = "<group>";
		};
/* End PBXVariantGroup section */

/* Begin XCBuildConfiguration section */
		614577681BB4D6C500B0A8BA /* Debug */ = {
			isa = XCBuildConfiguration;
			buildSettings = {
				ALWAYS_SEARCH_USER_PATHS = NO;
				CLANG_CXX_LANGUAGE_STANDARD = "gnu++0x";
				CLANG_CXX_LIBRARY = "libc++";
				CLANG_ENABLE_MODULES = YES;
				CLANG_ENABLE_OBJC_ARC = YES;
				CLANG_WARN_BOOL_CONVERSION = YES;
				CLANG_WARN_CONSTANT_CONVERSION = YES;
				CLANG_WARN_DIRECT_OBJC_ISA_USAGE = YES_ERROR;
				CLANG_WARN_EMPTY_BODY = YES;
				CLANG_WARN_ENUM_CONVERSION = YES;
				CLANG_WARN_INT_CONVERSION = YES;
				CLANG_WARN_OBJC_ROOT_CLASS = YES_ERROR;
				CLANG_WARN_UNREACHABLE_CODE = YES;
				CLANG_WARN__DUPLICATE_METHOD_MATCH = YES;
				"CODE_SIGN_IDENTITY[sdk=iphoneos*]" = "iPhone Developer";
				COPY_PHASE_STRIP = NO;
				DEBUG_INFORMATION_FORMAT = dwarf;
				ENABLE_STRICT_OBJC_MSGSEND = YES;
				ENABLE_TESTABILITY = YES;
				GCC_C_LANGUAGE_STANDARD = gnu99;
				GCC_DYNAMIC_NO_PIC = NO;
				GCC_NO_COMMON_BLOCKS = YES;
				GCC_OPTIMIZATION_LEVEL = 0;
				GCC_PREPROCESSOR_DEFINITIONS = (
					"DEBUG=1",
					"$(inherited)",
				);
				GCC_WARN_64_TO_32_BIT_CONVERSION = YES;
				GCC_WARN_ABOUT_RETURN_TYPE = YES_ERROR;
				GCC_WARN_UNDECLARED_SELECTOR = YES;
				GCC_WARN_UNINITIALIZED_AUTOS = YES_AGGRESSIVE;
				GCC_WARN_UNUSED_FUNCTION = YES;
				GCC_WARN_UNUSED_VARIABLE = YES;
				IPHONEOS_DEPLOYMENT_TARGET = 9.0;
				MTL_ENABLE_DEBUG_INFO = YES;
				ONLY_ACTIVE_ARCH = YES;
				SDKROOT = iphoneos;
				SWIFT_OPTIMIZATION_LEVEL = "-Onone";
			};
			name = Debug;
		};
		614577691BB4D6C500B0A8BA /* Release */ = {
			isa = XCBuildConfiguration;
			buildSettings = {
				ALWAYS_SEARCH_USER_PATHS = NO;
				CLANG_CXX_LANGUAGE_STANDARD = "gnu++0x";
				CLANG_CXX_LIBRARY = "libc++";
				CLANG_ENABLE_MODULES = YES;
				CLANG_ENABLE_OBJC_ARC = YES;
				CLANG_WARN_BOOL_CONVERSION = YES;
				CLANG_WARN_CONSTANT_CONVERSION = YES;
				CLANG_WARN_DIRECT_OBJC_ISA_USAGE = YES_ERROR;
				CLANG_WARN_EMPTY_BODY = YES;
				CLANG_WARN_ENUM_CONVERSION = YES;
				CLANG_WARN_INT_CONVERSION = YES;
				CLANG_WARN_OBJC_ROOT_CLASS = YES_ERROR;
				CLANG_WARN_UNREACHABLE_CODE = YES;
				CLANG_WARN__DUPLICATE_METHOD_MATCH = YES;
				"CODE_SIGN_IDENTITY[sdk=iphoneos*]" = "iPhone Developer";
				COPY_PHASE_STRIP = NO;
				DEBUG_INFORMATION_FORMAT = "dwarf-with-dsym";
				ENABLE_NS_ASSERTIONS = NO;
				ENABLE_STRICT_OBJC_MSGSEND = YES;
				GCC_C_LANGUAGE_STANDARD = gnu99;
				GCC_NO_COMMON_BLOCKS = YES;
				GCC_WARN_64_TO_32_BIT_CONVERSION = YES;
				GCC_WARN_ABOUT_RETURN_TYPE = YES_ERROR;
				GCC_WARN_UNDECLARED_SELECTOR = YES;
				GCC_WARN_UNINITIALIZED_AUTOS = YES_AGGRESSIVE;
				GCC_WARN_UNUSED_FUNCTION = YES;
				GCC_WARN_UNUSED_VARIABLE = YES;
				IPHONEOS_DEPLOYMENT_TARGET = 9.0;
				MTL_ENABLE_DEBUG_INFO = NO;
				SDKROOT = iphoneos;
				VALIDATE_PRODUCT = YES;
			};
			name = Release;
		};
		6145776B1BB4D6C500B0A8BA /* Debug */ = {
			isa = XCBuildConfiguration;
			buildSettings = {
				ASSETCATALOG_COMPILER_APPICON_NAME = AppIcon;
				INFOPLIST_FILE = DraggableTest/Info.plist;
				LD_RUNPATH_SEARCH_PATHS = "$(inherited) @executable_path/Frameworks";
				PRODUCT_BUNDLE_IDENTIFIER = com.BayPhillips.DraggableTest;
				PRODUCT_NAME = "$(TARGET_NAME)";
			};
			name = Debug;
		};
		6145776C1BB4D6C500B0A8BA /* Release */ = {
			isa = XCBuildConfiguration;
			buildSettings = {
				ASSETCATALOG_COMPILER_APPICON_NAME = AppIcon;
				INFOPLIST_FILE = DraggableTest/Info.plist;
				LD_RUNPATH_SEARCH_PATHS = "$(inherited) @executable_path/Frameworks";
				PRODUCT_BUNDLE_IDENTIFIER = com.BayPhillips.DraggableTest;
				PRODUCT_NAME = "$(TARGET_NAME)";
			};
			name = Release;
		};
		6145776E1BB4D6C500B0A8BA /* Debug */ = {
			isa = XCBuildConfiguration;
			buildSettings = {
				BUNDLE_LOADER = "$(TEST_HOST)";
				INFOPLIST_FILE = DraggableTestTests/Info.plist;
				LD_RUNPATH_SEARCH_PATHS = "$(inherited) @executable_path/Frameworks @loader_path/Frameworks";
				PRODUCT_BUNDLE_IDENTIFIER = com.BayPhillips.DraggableTestTests;
				PRODUCT_NAME = "$(TARGET_NAME)";
				TEST_HOST = "$(BUILT_PRODUCTS_DIR)/DraggableTest.app/DraggableTest";
			};
			name = Debug;
		};
		6145776F1BB4D6C500B0A8BA /* Release */ = {
			isa = XCBuildConfiguration;
			buildSettings = {
				BUNDLE_LOADER = "$(TEST_HOST)";
				INFOPLIST_FILE = DraggableTestTests/Info.plist;
				LD_RUNPATH_SEARCH_PATHS = "$(inherited) @executable_path/Frameworks @loader_path/Frameworks";
				PRODUCT_BUNDLE_IDENTIFIER = com.BayPhillips.DraggableTestTests;
				PRODUCT_NAME = "$(TARGET_NAME)";
				TEST_HOST = "$(BUILT_PRODUCTS_DIR)/DraggableTest.app/DraggableTest";
			};
			name = Release;
		};
		614577711BB4D6C500B0A8BA /* Debug */ = {
			isa = XCBuildConfiguration;
			buildSettings = {
				INFOPLIST_FILE = DraggableTestUITests/Info.plist;
				LD_RUNPATH_SEARCH_PATHS = "$(inherited) @executable_path/Frameworks @loader_path/Frameworks";
				PRODUCT_BUNDLE_IDENTIFIER = com.BayPhillips.DraggableTestUITests;
				PRODUCT_NAME = "$(TARGET_NAME)";
				TEST_TARGET_NAME = DraggableTest;
				USES_XCTRUNNER = YES;
			};
			name = Debug;
		};
		614577721BB4D6C500B0A8BA /* Release */ = {
			isa = XCBuildConfiguration;
			buildSettings = {
				INFOPLIST_FILE = DraggableTestUITests/Info.plist;
				LD_RUNPATH_SEARCH_PATHS = "$(inherited) @executable_path/Frameworks @loader_path/Frameworks";
				PRODUCT_BUNDLE_IDENTIFIER = com.BayPhillips.DraggableTestUITests;
				PRODUCT_NAME = "$(TARGET_NAME)";
				TEST_TARGET_NAME = DraggableTest;
				USES_XCTRUNNER = YES;
			};
			name = Release;
		};
/* End XCBuildConfiguration section */

/* Begin XCConfigurationList section */
		6145773D1BB4D6C500B0A8BA /* Build configuration list for PBXProject "DraggableTest" */ = {
			isa = XCConfigurationList;
			buildConfigurations = (
				614577681BB4D6C500B0A8BA /* Debug */,
				614577691BB4D6C500B0A8BA /* Release */,
			);
			defaultConfigurationIsVisible = 0;
			defaultConfigurationName = Release;
		};
		6145776A1BB4D6C500B0A8BA /* Build configuration list for PBXNativeTarget "DraggableTest" */ = {
			isa = XCConfigurationList;
			buildConfigurations = (
				6145776B1BB4D6C500B0A8BA /* Debug */,
				6145776C1BB4D6C500B0A8BA /* Release */,
			);
			defaultConfigurationIsVisible = 0;
		};
		6145776D1BB4D6C500B0A8BA /* Build configuration list for PBXNativeTarget "DraggableTestTests" */ = {
			isa = XCConfigurationList;
			buildConfigurations = (
				6145776E1BB4D6C500B0A8BA /* Debug */,
				6145776F1BB4D6C500B0A8BA /* Release */,
			);
			defaultConfigurationIsVisible = 0;
		};
		614577701BB4D6C500B0A8BA /* Build configuration list for PBXNativeTarget "DraggableTestUITests" */ = {
			isa = XCConfigurationList;
			buildConfigurations = (
				614577711BB4D6C500B0A8BA /* Debug */,
				614577721BB4D6C500B0A8BA /* Release */,
			);
			defaultConfigurationIsVisible = 0;
		};
/* End XCConfigurationList section */
	};
	rootObject = 6145773A1BB4D6C500B0A8BA /* Project object */;
}
